
Microsoft Visual Studio Solution File, Format Version 12.00
# Visual Studio Version 17
VisualStudioVersion = 17.14.36616.10 d17.14
MinimumVisualStudioVersion = 10.0.40219.1
Project("{FAE04EC0-301F-11D3-BF4B-00C04F79EFBC}") = "MilkTeaApp.Report.Kian", "MilkTeaApp.Report.Kian\MilkTeaApp.Report.Kian.csproj", "{47393398-200D-43A6-A6CA-9AFAD0A8AB63}"
EndProject
Project("{FAE04EC0-301F-11D3-BF4B-00C04F79EFBC}") = "MilkTeaApp.DAL", "MilkTeaApp.DAL\MilkTeaApp.DAL.csproj", "{B39C407F-394F-444F-AA4D-20A2DF632849}"
EndProject
Global
	GlobalSection(SolutionConfigurationPlatforms) = preSolution
		Debug|Any CPU = Debug|Any CPU
		Release|Any CPU = Release|Any CPU
	EndGlobalSection
	GlobalSection(ProjectConfigurationPlatforms) = postSolution
		{47393398-200D-43A6-A6CA-9AFAD0A8AB63}.Debug|Any CPU.ActiveCfg = Debug|Any CPU
		{47393398-200D-43A6-A6CA-9AFAD0A8AB63}.Debug|Any CPU.Build.0 = Debug|Any CPU
		{47393398-200D-43A6-A6CA-9AFAD0A8AB63}.Release|Any CPU.ActiveCfg = Release|Any CPU
		{47393398-200D-43A6-A6CA-9AFAD0A8AB63}.Release|Any CPU.Build.0 = Release|Any CPU
		{B39C407F-394F-444F-AA4D-20A2DF632849}.Debug|Any CPU.ActiveCfg = Debug|Any CPU
		{B39C407F-394F-444F-AA4D-20A2DF632849}.Debug|Any CPU.Build.0 = Debug|Any CPU
		{B39C407F-394F-444F-AA4D-20A2DF632849}.Release|Any CPU.ActiveCfg = Release|Any CPU
		{B39C407F-394F-444F-AA4D-20A2DF632849}.Release|Any CPU.Build.0 = Release|Any CPU
	EndGlobalSection
	GlobalSection(SolutionProperties) = preSolution
		HideSolutionNode = FALSE
	EndGlobalSection
	GlobalSection(ExtensibilityGlobals) = postSolution
		SolutionGuid = {92CCCD0E-DC58-41A0-89BE-2EADFAD50B79}
	EndGlobalSection
EndGlobal
