
Microsoft Visual Studio Solution File, Format Version 12.00
# Visual Studio Version 17
VisualStudioVersion = 17.14.36429.23 d17.14
MinimumVisualStudioVersion = 10.0.40219.1
Project("{FAE04EC0-301F-11D3-BF4B-00C04F79EFBC}") = "TeaPOS.Presentation.Wpf", "TeaPOS\TeaPOS.Presentation.Wpf.csproj", "{460831AF-54EC-41AE-AB25-302E33785B61}"
EndProject
Project("{FAE04EC0-301F-11D3-BF4B-00C04F79EFBC}") = "TeaPOS.Domain", "TeaPOS.Domain\TeaPOS.Domain.csproj", "{53B06F55-2050-4BCA-9AE3-C7CEB727B2CD}"
EndProject
Project("{FAE04EC0-301F-11D3-BF4B-00C04F79EFBC}") = "TeaPOS.Application", "TeaPOS.Application\TeaPOS.Application.csproj", "{6BE9B3C1-BA3A-430B-9735-ED9409CC8FA7}"
EndProject
Project("{FAE04EC0-301F-11D3-BF4B-00C04F79EFBC}") = "TeaPOS.Infrastructure", "TeaPOS.Infrastructure\TeaPOS.Infrastructure.csproj", "{711FEDC2-CB83-4074-92EF-E17E1C2C070D}"
EndProject
Global
	GlobalSection(SolutionConfigurationPlatforms) = preSolution
		Debug|Any CPU = Debug|Any CPU
		Release|Any CPU = Release|Any CPU
	EndGlobalSection
	GlobalSection(ProjectConfigurationPlatforms) = postSolution
		{460831AF-54EC-41AE-AB25-302E33785B61}.Debug|Any CPU.ActiveCfg = Debug|Any CPU
		{460831AF-54EC-41AE-AB25-302E33785B61}.Debug|Any CPU.Build.0 = Debug|Any CPU
		{460831AF-54EC-41AE-AB25-302E33785B61}.Release|Any CPU.ActiveCfg = Release|Any CPU
		{460831AF-54EC-41AE-AB25-302E33785B61}.Release|Any CPU.Build.0 = Release|Any CPU
		{53B06F55-2050-4BCA-9AE3-C7CEB727B2CD}.Debug|Any CPU.ActiveCfg = Debug|Any CPU
		{53B06F55-2050-4BCA-9AE3-C7CEB727B2CD}.Debug|Any CPU.Build.0 = Debug|Any CPU
		{53B06F55-2050-4BCA-9AE3-C7CEB727B2CD}.Release|Any CPU.ActiveCfg = Release|Any CPU
		{53B06F55-2050-4BCA-9AE3-C7CEB727B2CD}.Release|Any CPU.Build.0 = Release|Any CPU
		{6BE9B3C1-BA3A-430B-9735-ED9409CC8FA7}.Debug|Any CPU.ActiveCfg = Debug|Any CPU
		{6BE9B3C1-BA3A-430B-9735-ED9409CC8FA7}.Debug|Any CPU.Build.0 = Debug|Any CPU
		{6BE9B3C1-BA3A-430B-9735-ED9409CC8FA7}.Release|Any CPU.ActiveCfg = Release|Any CPU
		{6BE9B3C1-BA3A-430B-9735-ED9409CC8FA7}.Release|Any CPU.Build.0 = Release|Any CPU
		{711FEDC2-CB83-4074-92EF-E17E1C2C070D}.Debug|Any CPU.ActiveCfg = Debug|Any CPU
		{711FEDC2-CB83-4074-92EF-E17E1C2C070D}.Debug|Any CPU.Build.0 = Debug|Any CPU
		{711FEDC2-CB83-4074-92EF-E17E1C2C070D}.Release|Any CPU.ActiveCfg = Release|Any CPU
		{711FEDC2-CB83-4074-92EF-E17E1C2C070D}.Release|Any CPU.Build.0 = Release|Any CPU
	EndGlobalSection
	GlobalSection(SolutionProperties) = preSolution
		HideSolutionNode = FALSE
	EndGlobalSection
	GlobalSection(ExtensibilityGlobals) = postSolution
		SolutionGuid = {DB50339B-5CF7-41AA-B15A-0BF5F54177D3}
	EndGlobalSection
EndGlobal
