
Microsoft Visual Studio Solution File, Format Version 12.00
# Visual Studio Version 17
VisualStudioVersion = 17.14.36414.22 d17.14
MinimumVisualStudioVersion = 10.0.40219.1
Project("{FAE04EC0-301F-11D3-BF4B-00C04F79EFBC}") = "WpfInvoiceApp", "WpfInvoiceApp\WpfInvoiceApp.csproj", "{8A78A0E6-8792-438A-8C01-A1BA07A7B89D}"
EndProject
Global
	GlobalSection(SolutionConfigurationPlatforms) = preSolution
		Debug|Any CPU = Debug|Any CPU
		Release|Any CPU = Release|Any CPU
	EndGlobalSection
	GlobalSection(ProjectConfigurationPlatforms) = postSolution
		{8A78A0E6-8792-438A-8C01-A1BA07A7B89D}.Debug|Any CPU.ActiveCfg = Debug|Any CPU
		{8A78A0E6-8792-438A-8C01-A1BA07A7B89D}.Debug|Any CPU.Build.0 = Debug|Any CPU
		{8A78A0E6-8792-438A-8C01-A1BA07A7B89D}.Release|Any CPU.ActiveCfg = Release|Any CPU
		{8A78A0E6-8792-438A-8C01-A1BA07A7B89D}.Release|Any CPU.Build.0 = Release|Any CPU
	EndGlobalSection
	GlobalSection(SolutionProperties) = preSolution
		HideSolutionNode = FALSE
	EndGlobalSection
	GlobalSection(ExtensibilityGlobals) = postSolution
		SolutionGuid = {C8AFCF4C-57B9-4F84-BCE8-3CE7A2BA2D08}
	EndGlobalSection
EndGlobal
